
Microsoft Visual Studio Solution File, Format Version 12.00
# Visual Studio 15
VisualStudioVersion = 15.0.28307.757
MinimumVisualStudioVersion = 10.0.40219.1
Project("{888888A0-9F3D-457C-B088-3A5042F75D52}") = "BasicProject", "BasicProject\BasicProject.pyproj", "{07592D80-1EE0-432C-8F5C-87E372A5E639}"
EndProject
Global
	GlobalSection(SolutionConfigurationPlatforms) = preSolution
		Debug|Any CPU = Debug|Any CPU
		Release|Any CPU = Release|Any CPU
	EndGlobalSection
	GlobalSection(ProjectConfigurationPlatforms) = postSolution
		{07592D80-1EE0-432C-8F5C-87E372A5E639}.Debug|Any CPU.ActiveCfg = Debug|Any CPU
		{07592D80-1EE0-432C-8F5C-87E372A5E639}.Debug|Any CPU.Build.0 = Debug|Any CPU
		{07592D80-1EE0-432C-8F5C-87E372A5E639}.Release|Any CPU.ActiveCfg = Release|Any CPU
		{07592D80-1EE0-432C-8F5C-87E372A5E639}.Release|Any CPU.Build.0 = Release|Any CPU
	EndGlobalSection
	GlobalSection(SolutionProperties) = preSolution
		HideSolutionNode = FALSE
	EndGlobalSection
	GlobalSection(ExtensibilityGlobals) = postSolution
		SolutionGuid = {6A3635EB-4CB1-4EAD-962C-27D871586FC4}
	EndGlobalSection
EndGlobal
